
Microsoft Visual Studio Solution File, Format Version 12.00
# Visual Studio Version 17
VisualStudioVersion = 17.0.31410.414
MinimumVisualStudioVersion = 10.0.40219.1
Project("{2150E333-8FDC-42A3-9474-1A3956D46DE8}") = "Services", "Services", "{CB7353D7-A650-435D-8F60-FDA76EFDD6D6}"
EndProject
Project("{2150E333-8FDC-42A3-9474-1A3956D46DE8}") = "Store", "Store", "{5721A28D-707D-4C22-8B3C-47C0A81DACB9}"
EndProject
Project("{2150E333-8FDC-42A3-9474-1A3956D46DE8}") = "Basket", "Basket", "{CBFF6A24-E0E0-4040-86BF-61366E73819D}"
EndProject
Project("{2150E333-8FDC-42A3-9474-1A3956D46DE8}") = "Discount", "Discount", "{22B49664-4665-4934-A062-60EAA3253594}"
EndProject
Project("{2150E333-8FDC-42A3-9474-1A3956D46DE8}") = "Ordering", "Ordering", "{703E2C27-F2BE-4D42-9306-3BBE2DFE2B7E}"
EndProject
Project("{9A19103F-16F7-4668-BE54-9A1E7A4F7556}") = "Game.Store.Api", "Services\Store\Game.Store.Api\Game.Store.Api.csproj", "{4A963AC6-8981-4F24-83AC-5718EE9F3108}"
EndProject
Project("{9A19103F-16F7-4668-BE54-9A1E7A4F7556}") = "Game.Store.Domain", "Services\Store\Game.Store.Domain\Game.Store.Domain.csproj", "{0F20888A-6D92-47C5-9E27-E264F980706C}"
EndProject
Project("{9A19103F-16F7-4668-BE54-9A1E7A4F7556}") = "Game.Store.Application", "Services\Store\Game.Store.Application\Game.Store.Application.csproj", "{EE1949BB-C80D-47B6-8141-73AA28DD990F}"
EndProject
Project("{9A19103F-16F7-4668-BE54-9A1E7A4F7556}") = "Game.Store.Infrastructure", "Services\Store\Game.Store.Infrastructure\Game.Store.Infrastructure.csproj", "{D2510C0F-BE79-4652-8082-766382D2DA62}"
EndProject
Project("{2150E333-8FDC-42A3-9474-1A3956D46DE8}") = "Solution Items", "Solution Items", "{18EE369B-6E7A-401E-B46A-ED8EA4849A2C}"
	ProjectSection(SolutionItems) = preProject
		note.txt = note.txt
	EndProjectSection
EndProject
Project("{2150E333-8FDC-42A3-9474-1A3956D46DE8}") = "Frameworks", "Frameworks", "{113CF00D-C799-4B59-975B-D05B83A20C2C}"
EndProject
Project("{2150E333-8FDC-42A3-9474-1A3956D46DE8}") = "ApiGateways", "ApiGateways", "{B9E09740-D85B-4DF1-BEE5-DD9A429F4D47}"
EndProject
Project("{9A19103F-16F7-4668-BE54-9A1E7A4F7556}") = "GameStore.Infrastructure", "Frameworks\GameStore.Infrastructure\GameStore.Infrastructure.csproj", "{B349ACAF-4C45-44B1-B9C3-4482F8160F13}"
EndProject
Project("{9A19103F-16F7-4668-BE54-9A1E7A4F7556}") = "Game.Ordering.Api", "Services\Ordering\Game.Ordering.Api\Game.Ordering.Api.csproj", "{388CC12A-FC97-44D5-9B42-8297112B4F6C}"
EndProject
Project("{9A19103F-16F7-4668-BE54-9A1E7A4F7556}") = "Game.Ordering.Domain", "Services\Ordering\Game.Ordering.Domain\Game.Ordering.Domain.csproj", "{C046EA32-EF2D-46F9-BED9-2D06C8854F9F}"
EndProject
Project("{9A19103F-16F7-4668-BE54-9A1E7A4F7556}") = "Game.Ordering.Infrastructure", "Services\Ordering\Game.Ordering.Infrastructure\Game.Ordering.Infrastructure.csproj", "{043BF08A-E9B4-4134-8D2A-983BBFF6D6B2}"
EndProject
Project("{9A19103F-16F7-4668-BE54-9A1E7A4F7556}") = "Game.Ordering.Application", "Services\Ordering\Game.Ordering.Application\Game.Ordering.Application.csproj", "{705DB45B-538B-4B4F-A394-AFF50541C9DE}"
EndProject
Project("{E53339B2-1760-4266-BCC7-CA923CBCF16C}") = "docker-compose", "docker-compose.dcproj", "{B29AE6D2-2CE1-4182-9BCE-F61E29DDF6A4}"
EndProject
Project("{2150E333-8FDC-42A3-9474-1A3956D46DE8}") = "IdentityServer", "IdentityServer", "{739B54DF-D1CC-4EFB-9ED3-711CB82BFB9A}"
EndProject
Project("{9A19103F-16F7-4668-BE54-9A1E7A4F7556}") = "Identity.Api", "Services\IdentityServer\Identity.Api\Identity.Api.csproj", "{15EB2A2D-FA44-4F77-899C-5FFC3064DE12}"
EndProject
Project("{9A19103F-16F7-4668-BE54-9A1E7A4F7556}") = "Gateway.Api", "ApiGateways\Gateway.Api\Gateway.Api.csproj", "{8467A46B-BC0C-47E3-B090-EDD94DFAF09C}"
EndProject
Project("{9A19103F-16F7-4668-BE54-9A1E7A4F7556}") = "Game.Ordering.Grpc", "Services\Ordering\Game.Ordering.Grpc\Game.Ordering.Grpc.csproj", "{124BEE40-7416-4FAA-A0E3-B2ACA9CBD60F}"
EndProject
Global
	GlobalSection(SolutionConfigurationPlatforms) = preSolution
		Debug|Any CPU = Debug|Any CPU
		Release|Any CPU = Release|Any CPU
	EndGlobalSection
	GlobalSection(ProjectConfigurationPlatforms) = postSolution
		{4A963AC6-8981-4F24-83AC-5718EE9F3108}.Debug|Any CPU.ActiveCfg = Debug|Any CPU
		{4A963AC6-8981-4F24-83AC-5718EE9F3108}.Debug|Any CPU.Build.0 = Debug|Any CPU
		{4A963AC6-8981-4F24-83AC-5718EE9F3108}.Release|Any CPU.ActiveCfg = Release|Any CPU
		{4A963AC6-8981-4F24-83AC-5718EE9F3108}.Release|Any CPU.Build.0 = Release|Any CPU
		{0F20888A-6D92-47C5-9E27-E264F980706C}.Debug|Any CPU.ActiveCfg = Debug|Any CPU
		{0F20888A-6D92-47C5-9E27-E264F980706C}.Debug|Any CPU.Build.0 = Debug|Any CPU
		{0F20888A-6D92-47C5-9E27-E264F980706C}.Release|Any CPU.ActiveCfg = Release|Any CPU
		{0F20888A-6D92-47C5-9E27-E264F980706C}.Release|Any CPU.Build.0 = Release|Any CPU
		{EE1949BB-C80D-47B6-8141-73AA28DD990F}.Debug|Any CPU.ActiveCfg = Debug|Any CPU
		{EE1949BB-C80D-47B6-8141-73AA28DD990F}.Debug|Any CPU.Build.0 = Debug|Any CPU
		{EE1949BB-C80D-47B6-8141-73AA28DD990F}.Release|Any CPU.ActiveCfg = Release|Any CPU
		{EE1949BB-C80D-47B6-8141-73AA28DD990F}.Release|Any CPU.Build.0 = Release|Any CPU
		{D2510C0F-BE79-4652-8082-766382D2DA62}.Debug|Any CPU.ActiveCfg = Debug|Any CPU
		{D2510C0F-BE79-4652-8082-766382D2DA62}.Debug|Any CPU.Build.0 = Debug|Any CPU
		{D2510C0F-BE79-4652-8082-766382D2DA62}.Release|Any CPU.ActiveCfg = Release|Any CPU
		{D2510C0F-BE79-4652-8082-766382D2DA62}.Release|Any CPU.Build.0 = Release|Any CPU
		{B349ACAF-4C45-44B1-B9C3-4482F8160F13}.Debug|Any CPU.ActiveCfg = Debug|Any CPU
		{B349ACAF-4C45-44B1-B9C3-4482F8160F13}.Debug|Any CPU.Build.0 = Debug|Any CPU
		{B349ACAF-4C45-44B1-B9C3-4482F8160F13}.Release|Any CPU.ActiveCfg = Release|Any CPU
		{B349ACAF-4C45-44B1-B9C3-4482F8160F13}.Release|Any CPU.Build.0 = Release|Any CPU
		{388CC12A-FC97-44D5-9B42-8297112B4F6C}.Debug|Any CPU.ActiveCfg = Debug|Any CPU
		{388CC12A-FC97-44D5-9B42-8297112B4F6C}.Debug|Any CPU.Build.0 = Debug|Any CPU
		{388CC12A-FC97-44D5-9B42-8297112B4F6C}.Release|Any CPU.ActiveCfg = Release|Any CPU
		{388CC12A-FC97-44D5-9B42-8297112B4F6C}.Release|Any CPU.Build.0 = Release|Any CPU
		{C046EA32-EF2D-46F9-BED9-2D06C8854F9F}.Debug|Any CPU.ActiveCfg = Debug|Any CPU
		{C046EA32-EF2D-46F9-BED9-2D06C8854F9F}.Debug|Any CPU.Build.0 = Debug|Any CPU
		{C046EA32-EF2D-46F9-BED9-2D06C8854F9F}.Release|Any CPU.ActiveCfg = Release|Any CPU
		{C046EA32-EF2D-46F9-BED9-2D06C8854F9F}.Release|Any CPU.Build.0 = Release|Any CPU
		{043BF08A-E9B4-4134-8D2A-983BBFF6D6B2}.Debug|Any CPU.ActiveCfg = Debug|Any CPU
		{043BF08A-E9B4-4134-8D2A-983BBFF6D6B2}.Debug|Any CPU.Build.0 = Debug|Any CPU
		{043BF08A-E9B4-4134-8D2A-983BBFF6D6B2}.Release|Any CPU.ActiveCfg = Release|Any CPU
		{043BF08A-E9B4-4134-8D2A-983BBFF6D6B2}.Release|Any CPU.Build.0 = Release|Any CPU
		{705DB45B-538B-4B4F-A394-AFF50541C9DE}.Debug|Any CPU.ActiveCfg = Debug|Any CPU
		{705DB45B-538B-4B4F-A394-AFF50541C9DE}.Debug|Any CPU.Build.0 = Debug|Any CPU
		{705DB45B-538B-4B4F-A394-AFF50541C9DE}.Release|Any CPU.ActiveCfg = Release|Any CPU
		{705DB45B-538B-4B4F-A394-AFF50541C9DE}.Release|Any CPU.Build.0 = Release|Any CPU
		{B29AE6D2-2CE1-4182-9BCE-F61E29DDF6A4}.Debug|Any CPU.ActiveCfg = Debug|Any CPU
		{B29AE6D2-2CE1-4182-9BCE-F61E29DDF6A4}.Debug|Any CPU.Build.0 = Debug|Any CPU
		{B29AE6D2-2CE1-4182-9BCE-F61E29DDF6A4}.Release|Any CPU.ActiveCfg = Release|Any CPU
		{B29AE6D2-2CE1-4182-9BCE-F61E29DDF6A4}.Release|Any CPU.Build.0 = Release|Any CPU
		{15EB2A2D-FA44-4F77-899C-5FFC3064DE12}.Debug|Any CPU.ActiveCfg = Debug|Any CPU
		{15EB2A2D-FA44-4F77-899C-5FFC3064DE12}.Debug|Any CPU.Build.0 = Debug|Any CPU
		{15EB2A2D-FA44-4F77-899C-5FFC3064DE12}.Release|Any CPU.ActiveCfg = Release|Any CPU
		{15EB2A2D-FA44-4F77-899C-5FFC3064DE12}.Release|Any CPU.Build.0 = Release|Any CPU
		{8467A46B-BC0C-47E3-B090-EDD94DFAF09C}.Debug|Any CPU.ActiveCfg = Debug|Any CPU
		{8467A46B-BC0C-47E3-B090-EDD94DFAF09C}.Debug|Any CPU.Build.0 = Debug|Any CPU
		{8467A46B-BC0C-47E3-B090-EDD94DFAF09C}.Release|Any CPU.ActiveCfg = Release|Any CPU
		{8467A46B-BC0C-47E3-B090-EDD94DFAF09C}.Release|Any CPU.Build.0 = Release|Any CPU
		{124BEE40-7416-4FAA-A0E3-B2ACA9CBD60F}.Debug|Any CPU.ActiveCfg = Debug|Any CPU
		{124BEE40-7416-4FAA-A0E3-B2ACA9CBD60F}.Debug|Any CPU.Build.0 = Debug|Any CPU
		{124BEE40-7416-4FAA-A0E3-B2ACA9CBD60F}.Release|Any CPU.ActiveCfg = Release|Any CPU
		{124BEE40-7416-4FAA-A0E3-B2ACA9CBD60F}.Release|Any CPU.Build.0 = Release|Any CPU
	EndGlobalSection
	GlobalSection(SolutionProperties) = preSolution
		HideSolutionNode = FALSE
	EndGlobalSection
	GlobalSection(NestedProjects) = preSolution
		{5721A28D-707D-4C22-8B3C-47C0A81DACB9} = {CB7353D7-A650-435D-8F60-FDA76EFDD6D6}
		{CBFF6A24-E0E0-4040-86BF-61366E73819D} = {CB7353D7-A650-435D-8F60-FDA76EFDD6D6}
		{22B49664-4665-4934-A062-60EAA3253594} = {CB7353D7-A650-435D-8F60-FDA76EFDD6D6}
		{703E2C27-F2BE-4D42-9306-3BBE2DFE2B7E} = {CB7353D7-A650-435D-8F60-FDA76EFDD6D6}
		{4A963AC6-8981-4F24-83AC-5718EE9F3108} = {5721A28D-707D-4C22-8B3C-47C0A81DACB9}
		{0F20888A-6D92-47C5-9E27-E264F980706C} = {5721A28D-707D-4C22-8B3C-47C0A81DACB9}
		{EE1949BB-C80D-47B6-8141-73AA28DD990F} = {5721A28D-707D-4C22-8B3C-47C0A81DACB9}
		{D2510C0F-BE79-4652-8082-766382D2DA62} = {5721A28D-707D-4C22-8B3C-47C0A81DACB9}
		{B349ACAF-4C45-44B1-B9C3-4482F8160F13} = {113CF00D-C799-4B59-975B-D05B83A20C2C}
		{388CC12A-FC97-44D5-9B42-8297112B4F6C} = {703E2C27-F2BE-4D42-9306-3BBE2DFE2B7E}
		{C046EA32-EF2D-46F9-BED9-2D06C8854F9F} = {703E2C27-F2BE-4D42-9306-3BBE2DFE2B7E}
		{043BF08A-E9B4-4134-8D2A-983BBFF6D6B2} = {703E2C27-F2BE-4D42-9306-3BBE2DFE2B7E}
		{705DB45B-538B-4B4F-A394-AFF50541C9DE} = {703E2C27-F2BE-4D42-9306-3BBE2DFE2B7E}
		{739B54DF-D1CC-4EFB-9ED3-711CB82BFB9A} = {CB7353D7-A650-435D-8F60-FDA76EFDD6D6}
		{15EB2A2D-FA44-4F77-899C-5FFC3064DE12} = {739B54DF-D1CC-4EFB-9ED3-711CB82BFB9A}
		{8467A46B-BC0C-47E3-B090-EDD94DFAF09C} = {B9E09740-D85B-4DF1-BEE5-DD9A429F4D47}
		{124BEE40-7416-4FAA-A0E3-B2ACA9CBD60F} = {703E2C27-F2BE-4D42-9306-3BBE2DFE2B7E}
	EndGlobalSection
	GlobalSection(ExtensibilityGlobals) = postSolution
		SolutionGuid = {B7BC586A-9B1D-4603-AC23-9B40A36316BF}
	EndGlobalSection
EndGlobal
